
Microsoft Visual Studio Solution File, Format Version 12.00
# Visual Studio 14
VisualStudioVersion = 14.0.24720.0
MinimumVisualStudioVersion = 10.0.40219.1
Project("{FAE04EC0-301F-11D3-BF4B-00C04F79EFBC}") = "WPTTool", "WPTTool\WPTTool.csproj", "{283F8E7E-FED6-428B-AB45-AC3EEDB1EA2E}"
EndProject
Project("{FAE04EC0-301F-11D3-BF4B-00C04F79EFBC}") = "WPTWebApp", "WPTWebApp\WPTWebApp.csproj", "{62A6CA8E-07F4-4FE0-84A1-AD12ADED03E5}"
EndProject
Global
	GlobalSection(SolutionConfigurationPlatforms) = preSolution
		Debug|Any CPU = Debug|Any CPU
		Release|Any CPU = Release|Any CPU
	EndGlobalSection
	GlobalSection(ProjectConfigurationPlatforms) = postSolution
		{283F8E7E-FED6-428B-AB45-AC3EEDB1EA2E}.Debug|Any CPU.ActiveCfg = Debug|Any CPU
		{283F8E7E-FED6-428B-AB45-AC3EEDB1EA2E}.Debug|Any CPU.Build.0 = Debug|Any CPU
		{283F8E7E-FED6-428B-AB45-AC3EEDB1EA2E}.Release|Any CPU.ActiveCfg = Release|Any CPU
		{283F8E7E-FED6-428B-AB45-AC3EEDB1EA2E}.Release|Any CPU.Build.0 = Release|Any CPU
		{62A6CA8E-07F4-4FE0-84A1-AD12ADED03E5}.Debug|Any CPU.ActiveCfg = Debug|Any CPU
		{62A6CA8E-07F4-4FE0-84A1-AD12ADED03E5}.Debug|Any CPU.Build.0 = Debug|Any CPU
		{62A6CA8E-07F4-4FE0-84A1-AD12ADED03E5}.Release|Any CPU.ActiveCfg = Release|Any CPU
		{62A6CA8E-07F4-4FE0-84A1-AD12ADED03E5}.Release|Any CPU.Build.0 = Release|Any CPU
	EndGlobalSection
	GlobalSection(SolutionProperties) = preSolution
		HideSolutionNode = FALSE
	EndGlobalSection
EndGlobal
